
Microsoft Visual Studio Solution File, Format Version 12.00
# Visual Studio Version 16
VisualStudioVersion = 16.0.31129.286
MinimumVisualStudioVersion = 10.0.40219.1
Project("{FAE04EC0-301F-11D3-BF4B-00C04F79EFBC}") = "Asg10", "Asg10.csproj", "{614310CB-68F0-447E-BCEF-B62206CAAEFD}"
EndProject
Global
	GlobalSection(SolutionConfigurationPlatforms) = preSolution
		Debug|Any CPU = Debug|Any CPU
		Release|Any CPU = Release|Any CPU
	EndGlobalSection
	GlobalSection(ProjectConfigurationPlatforms) = postSolution
		{614310CB-68F0-447E-BCEF-B62206CAAEFD}.Debug|Any CPU.ActiveCfg = Debug|Any CPU
		{614310CB-68F0-447E-BCEF-B62206CAAEFD}.Debug|Any CPU.Build.0 = Debug|Any CPU
		{614310CB-68F0-447E-BCEF-B62206CAAEFD}.Release|Any CPU.ActiveCfg = Release|Any CPU
		{614310CB-68F0-447E-BCEF-B62206CAAEFD}.Release|Any CPU.Build.0 = Release|Any CPU
	EndGlobalSection
	GlobalSection(SolutionProperties) = preSolution
		HideSolutionNode = FALSE
	EndGlobalSection
	GlobalSection(ExtensibilityGlobals) = postSolution
		SolutionGuid = {97C3CEF3-3971-495C-9209-6B211F6A69DA}
	EndGlobalSection
EndGlobal
